
Microsoft Visual Studio Solution File, Format Version 12.00
# Visual Studio 15
VisualStudioVersion = 15.0.28010.2036
MinimumVisualStudioVersion = 10.0.40219.1
Project("{8BC9CEB8-8B4A-11D0-8D11-00A0C91BC942}") = "20181102", "20181102\20181102.vcxproj", "{64B67A9A-A8F1-46B7-A2BB-9848D5DCD30F}"
EndProject
Global
	GlobalSection(SolutionConfigurationPlatforms) = preSolution
		Debug|x64 = Debug|x64
		Debug|x86 = Debug|x86
		Release|x64 = Release|x64
		Release|x86 = Release|x86
	EndGlobalSection
	GlobalSection(ProjectConfigurationPlatforms) = postSolution
		{64B67A9A-A8F1-46B7-A2BB-9848D5DCD30F}.Debug|x64.ActiveCfg = Debug|x64
		{64B67A9A-A8F1-46B7-A2BB-9848D5DCD30F}.Debug|x64.Build.0 = Debug|x64
		{64B67A9A-A8F1-46B7-A2BB-9848D5DCD30F}.Debug|x86.ActiveCfg = Debug|Win32
		{64B67A9A-A8F1-46B7-A2BB-9848D5DCD30F}.Debug|x86.Build.0 = Debug|Win32
		{64B67A9A-A8F1-46B7-A2BB-9848D5DCD30F}.Release|x64.ActiveCfg = Release|x64
		{64B67A9A-A8F1-46B7-A2BB-9848D5DCD30F}.Release|x64.Build.0 = Release|x64
		{64B67A9A-A8F1-46B7-A2BB-9848D5DCD30F}.Release|x86.ActiveCfg = Release|Win32
		{64B67A9A-A8F1-46B7-A2BB-9848D5DCD30F}.Release|x86.Build.0 = Release|Win32
	EndGlobalSection
	GlobalSection(SolutionProperties) = preSolution
		HideSolutionNode = FALSE
	EndGlobalSection
	GlobalSection(ExtensibilityGlobals) = postSolution
		SolutionGuid = {048E2BA8-69CB-4B46-9D6A-02E8332FA26F}
	EndGlobalSection
EndGlobal
